{
  "requires": true,
  "lockfileVersion": 1,
  "dependencies": {
    "darkmode-js": {
      "version": "1.5.5",
      "resolved": "https://registry.npmjs.org/darkmode-js/-/darkmode-js-1.5.5.tgz",
      "integrity": "sha512-loXmLt2rJ2PYg7Z4lD8drIKG+LEk0ai7ay4JTV0bS5ZWpXmH7s9dShCu6tQ0mwWgETIn2yZ5BURK/fZoPXgZxQ=="
    },
    "typed.js": {
      "version": "2.0.11",
      "resolved": "https://registry.npmjs.org/typed.js/-/typed.js-2.0.11.tgz",
      "integrity": "sha512-1ZORHalEyLob34q738mqmwp0pT6syMigB1SZuTItqdhovWBKFIt7I5uVALXAGQZCg2MCtihCt6uqkoqPJK+9iQ=="
    }
  }
}
